
Microsoft Visual Studio Solution File, Format Version 12.00
# Visual Studio 15
VisualStudioVersion = 15.0.28307.168
MinimumVisualStudioVersion = 10.0.40219.1
Project("{8BC9CEB8-8B4A-11D0-8D11-00A0C91BC942}") = "OpenGLApp", "OpenGLApp\OpenGLApp.vcxproj", "{A1CEE589-6F15-412D-AFB9-C05BBF0FA426}"
EndProject
Global
	GlobalSection(SolutionConfigurationPlatforms) = preSolution
		Debug|x64 = Debug|x64
		Debug|x86 = Debug|x86
		Release|x64 = Release|x64
		Release|x86 = Release|x86
	EndGlobalSection
	GlobalSection(ProjectConfigurationPlatforms) = postSolution
		{A1CEE589-6F15-412D-AFB9-C05BBF0FA426}.Debug|x64.ActiveCfg = Debug|Win32
		{A1CEE589-6F15-412D-AFB9-C05BBF0FA426}.Debug|x64.Build.0 = Debug|Win32
		{A1CEE589-6F15-412D-AFB9-C05BBF0FA426}.Debug|x86.ActiveCfg = Debug|Win32
		{A1CEE589-6F15-412D-AFB9-C05BBF0FA426}.Debug|x86.Build.0 = Debug|Win32
		{A1CEE589-6F15-412D-AFB9-C05BBF0FA426}.Release|x64.ActiveCfg = Release|x64
		{A1CEE589-6F15-412D-AFB9-C05BBF0FA426}.Release|x64.Build.0 = Release|x64
		{A1CEE589-6F15-412D-AFB9-C05BBF0FA426}.Release|x86.ActiveCfg = Release|Win32
		{A1CEE589-6F15-412D-AFB9-C05BBF0FA426}.Release|x86.Build.0 = Release|Win32
	EndGlobalSection
	GlobalSection(SolutionProperties) = preSolution
		HideSolutionNode = FALSE
	EndGlobalSection
	GlobalSection(ExtensibilityGlobals) = postSolution
		SolutionGuid = {870478B6-59F7-42DE-8EC7-31506F78422C}
	EndGlobalSection
EndGlobal
